
Microsoft Visual Studio Solution File, Format Version 12.00
# Visual Studio Version 17
VisualStudioVersion = 17.1.32407.343
MinimumVisualStudioVersion = 10.0.40219.1
Project("{FAE04EC0-301F-11D3-BF4B-00C04F79EFBC}") = "TokenExample", "TokenExample\TokenExample.csproj", "{1F6BA54D-4865-4890-BE92-FD458E78CB26}"
EndProject
Project("{FAE04EC0-301F-11D3-BF4B-00C04F79EFBC}") = "WebApplication1", "..\WebApplication1\WebApplication1.csproj", "{29CE14E2-9AE7-456D-A765-38F129D95D62}"
EndProject
Global
	GlobalSection(SolutionConfigurationPlatforms) = preSolution
		Debug|Any CPU = Debug|Any CPU
		Release|Any CPU = Release|Any CPU
	EndGlobalSection
	GlobalSection(ProjectConfigurationPlatforms) = postSolution
		{1F6BA54D-4865-4890-BE92-FD458E78CB26}.Debug|Any CPU.ActiveCfg = Debug|Any CPU
		{1F6BA54D-4865-4890-BE92-FD458E78CB26}.Debug|Any CPU.Build.0 = Debug|Any CPU
		{1F6BA54D-4865-4890-BE92-FD458E78CB26}.Release|Any CPU.ActiveCfg = Release|Any CPU
		{1F6BA54D-4865-4890-BE92-FD458E78CB26}.Release|Any CPU.Build.0 = Release|Any CPU
		{29CE14E2-9AE7-456D-A765-38F129D95D62}.Debug|Any CPU.ActiveCfg = Debug|Any CPU
		{29CE14E2-9AE7-456D-A765-38F129D95D62}.Debug|Any CPU.Build.0 = Debug|Any CPU
		{29CE14E2-9AE7-456D-A765-38F129D95D62}.Release|Any CPU.ActiveCfg = Release|Any CPU
		{29CE14E2-9AE7-456D-A765-38F129D95D62}.Release|Any CPU.Build.0 = Release|Any CPU
	EndGlobalSection
	GlobalSection(SolutionProperties) = preSolution
		HideSolutionNode = FALSE
	EndGlobalSection
	GlobalSection(ExtensibilityGlobals) = postSolution
		SolutionGuid = {8D481ADB-A250-43CD-AAB6-44E2667073A3}
	EndGlobalSection
EndGlobal
