
Microsoft Visual Studio Solution File, Format Version 12.00
# Visual Studio Version 17
VisualStudioVersion = 17.1.32407.343
MinimumVisualStudioVersion = 10.0.40219.1
Project("{FAE04EC0-301F-11D3-BF4B-00C04F79EFBC}") = "NETStandardClass", "NETStandardClass\NETStandardClass.csproj", "{5266DFEB-A65C-4524-BED1-B169C14521BB}"
EndProject
Global
	GlobalSection(SolutionConfigurationPlatforms) = preSolution
		Debug|Any CPU = Debug|Any CPU
		Release|Any CPU = Release|Any CPU
	EndGlobalSection
	GlobalSection(ProjectConfigurationPlatforms) = postSolution
		{5266DFEB-A65C-4524-BED1-B169C14521BB}.Debug|Any CPU.ActiveCfg = Debug|Any CPU
		{5266DFEB-A65C-4524-BED1-B169C14521BB}.Debug|Any CPU.Build.0 = Debug|Any CPU
		{5266DFEB-A65C-4524-BED1-B169C14521BB}.Release|Any CPU.ActiveCfg = Release|Any CPU
		{5266DFEB-A65C-4524-BED1-B169C14521BB}.Release|Any CPU.Build.0 = Release|Any CPU
	EndGlobalSection
	GlobalSection(SolutionProperties) = preSolution
		HideSolutionNode = FALSE
	EndGlobalSection
	GlobalSection(ExtensibilityGlobals) = postSolution
		SolutionGuid = {493CBE1F-72B0-483A-82A3-96B468C937E5}
	EndGlobalSection
EndGlobal
