
Microsoft Visual Studio Solution File, Format Version 12.00
# Visual Studio 2013
VisualStudioVersion = 12.0.21005.1
MinimumVisualStudioVersion = 10.0.40219.1
Project("{FAE04EC0-301F-11D3-BF4B-00C04F79EFBC}") = "Console001", "Console001\Console001.csproj", "{6F1C1A0E-B084-47BA-B1DB-CB745ECAF4B6}"
EndProject
Project("{FAE04EC0-301F-11D3-BF4B-00C04F79EFBC}") = "Console002", "Console002\Console002.csproj", "{F593C416-B963-4176-B5DB-E36677A1C2DA}"
EndProject
Project("{FAE04EC0-301F-11D3-BF4B-00C04F79EFBC}") = "Console003", "Console003\Console003.csproj", "{A10E52CD-0DD9-4375-8D80-481EC5C84619}"
EndProject
Project("{FAE04EC0-301F-11D3-BF4B-00C04F79EFBC}") = "Console004", "Console004\Console004.csproj", "{667AF439-BC1D-4B2D-90B8-E6F3509DD63F}"
EndProject
Project("{FAE04EC0-301F-11D3-BF4B-00C04F79EFBC}") = "Console005", "Console005\Console005.csproj", "{1EA1F24D-B83F-4649-A2D6-EDCE9429D68F}"
EndProject
Project("{FAE04EC0-301F-11D3-BF4B-00C04F79EFBC}") = "Console006", "Console006\Console006.csproj", "{5D12AA9A-2B82-45D2-9529-B00AAAD1C255}"
EndProject
Project("{2150E333-8FDC-42A3-9474-1A3956D46DE8}") = "Solution Items", "Solution Items", "{7E1CB20D-9DDB-463D-93D0-DB4CEE6D7CAB}"
	ProjectSection(SolutionItems) = preProject
		Remark.txt = Remark.txt
		RemarkForLibrary.txt = RemarkForLibrary.txt
	EndProjectSection
EndProject
Project("{FAE04EC0-301F-11D3-BF4B-00C04F79EFBC}") = "Console018", "Console018\Console018.csproj", "{482F19EE-3AF5-48AE-8E76-0A99FD3149BB}"
EndProject
Project("{FAE04EC0-301F-11D3-BF4B-00C04F79EFBC}") = "Console024", "Console024\Console024.csproj", "{0AD413C1-765D-435E-A30E-71CDD8F05B7C}"
EndProject
Project("{FAE04EC0-301F-11D3-BF4B-00C04F79EFBC}") = "Console025", "Console025\Console025.csproj", "{1E46E63C-1A00-4D9B-A3A4-EA951FE61AF9}"
EndProject
Project("{FAE04EC0-301F-11D3-BF4B-00C04F79EFBC}") = "Console000", "Console000\Console000.csproj", "{770F6894-8E4D-4706-B3E3-2E65D215CFA6}"
EndProject
Project("{FAE04EC0-301F-11D3-BF4B-00C04F79EFBC}") = "Console033", "Console033\Console033.csproj", "{B43A94E0-DCF6-418D-9B1F-2ADFA98476CE}"
EndProject
Project("{FAE04EC0-301F-11D3-BF4B-00C04F79EFBC}") = "CommonLib", "CommonLib\CommonLib.csproj", "{7B26C79C-EB8D-4CDE-94BA-A7FA540E1A9F}"
EndProject
Project("{FAE04EC0-301F-11D3-BF4B-00C04F79EFBC}") = "Library001", "Library001\Library001.csproj", "{8909CB75-D90F-4122-B710-1FB9A2C86C95}"
EndProject
Global
	GlobalSection(SolutionConfigurationPlatforms) = preSolution
		Debug|Any CPU = Debug|Any CPU
		Debug|x64 = Debug|x64
		Debug|x86 = Debug|x86
		Release|Any CPU = Release|Any CPU
		Release|x64 = Release|x64
		Release|x86 = Release|x86
	EndGlobalSection
	GlobalSection(ProjectConfigurationPlatforms) = postSolution
		{6F1C1A0E-B084-47BA-B1DB-CB745ECAF4B6}.Debug|Any CPU.ActiveCfg = Debug|Any CPU
		{6F1C1A0E-B084-47BA-B1DB-CB745ECAF4B6}.Debug|Any CPU.Build.0 = Debug|Any CPU
		{6F1C1A0E-B084-47BA-B1DB-CB745ECAF4B6}.Debug|x64.ActiveCfg = Debug|x64
		{6F1C1A0E-B084-47BA-B1DB-CB745ECAF4B6}.Debug|x64.Build.0 = Debug|x64
		{6F1C1A0E-B084-47BA-B1DB-CB745ECAF4B6}.Debug|x86.ActiveCfg = Debug|Any CPU
		{6F1C1A0E-B084-47BA-B1DB-CB745ECAF4B6}.Release|Any CPU.ActiveCfg = Release|Any CPU
		{6F1C1A0E-B084-47BA-B1DB-CB745ECAF4B6}.Release|Any CPU.Build.0 = Release|Any CPU
		{6F1C1A0E-B084-47BA-B1DB-CB745ECAF4B6}.Release|x64.ActiveCfg = Release|x64
		{6F1C1A0E-B084-47BA-B1DB-CB745ECAF4B6}.Release|x64.Build.0 = Release|x64
		{6F1C1A0E-B084-47BA-B1DB-CB745ECAF4B6}.Release|x86.ActiveCfg = Release|Any CPU
		{F593C416-B963-4176-B5DB-E36677A1C2DA}.Debug|Any CPU.ActiveCfg = Debug|Any CPU
		{F593C416-B963-4176-B5DB-E36677A1C2DA}.Debug|Any CPU.Build.0 = Debug|Any CPU
		{F593C416-B963-4176-B5DB-E36677A1C2DA}.Debug|x64.ActiveCfg = Debug|x64
		{F593C416-B963-4176-B5DB-E36677A1C2DA}.Debug|x64.Build.0 = Debug|x64
		{F593C416-B963-4176-B5DB-E36677A1C2DA}.Debug|x86.ActiveCfg = Debug|Any CPU
		{F593C416-B963-4176-B5DB-E36677A1C2DA}.Release|Any CPU.ActiveCfg = Release|Any CPU
		{F593C416-B963-4176-B5DB-E36677A1C2DA}.Release|Any CPU.Build.0 = Release|Any CPU
		{F593C416-B963-4176-B5DB-E36677A1C2DA}.Release|x64.ActiveCfg = Release|x64
		{F593C416-B963-4176-B5DB-E36677A1C2DA}.Release|x64.Build.0 = Release|x64
		{F593C416-B963-4176-B5DB-E36677A1C2DA}.Release|x86.ActiveCfg = Release|Any CPU
		{A10E52CD-0DD9-4375-8D80-481EC5C84619}.Debug|Any CPU.ActiveCfg = Debug|Any CPU
		{A10E52CD-0DD9-4375-8D80-481EC5C84619}.Debug|Any CPU.Build.0 = Debug|Any CPU
		{A10E52CD-0DD9-4375-8D80-481EC5C84619}.Debug|x64.ActiveCfg = Debug|x64
		{A10E52CD-0DD9-4375-8D80-481EC5C84619}.Debug|x64.Build.0 = Debug|x64
		{A10E52CD-0DD9-4375-8D80-481EC5C84619}.Debug|x86.ActiveCfg = Debug|Any CPU
		{A10E52CD-0DD9-4375-8D80-481EC5C84619}.Release|Any CPU.ActiveCfg = Release|Any CPU
		{A10E52CD-0DD9-4375-8D80-481EC5C84619}.Release|Any CPU.Build.0 = Release|Any CPU
		{A10E52CD-0DD9-4375-8D80-481EC5C84619}.Release|x64.ActiveCfg = Release|x64
		{A10E52CD-0DD9-4375-8D80-481EC5C84619}.Release|x64.Build.0 = Release|x64
		{A10E52CD-0DD9-4375-8D80-481EC5C84619}.Release|x86.ActiveCfg = Release|Any CPU
		{667AF439-BC1D-4B2D-90B8-E6F3509DD63F}.Debug|Any CPU.ActiveCfg = Debug|Any CPU
		{667AF439-BC1D-4B2D-90B8-E6F3509DD63F}.Debug|Any CPU.Build.0 = Debug|Any CPU
		{667AF439-BC1D-4B2D-90B8-E6F3509DD63F}.Debug|x64.ActiveCfg = Debug|x64
		{667AF439-BC1D-4B2D-90B8-E6F3509DD63F}.Debug|x64.Build.0 = Debug|x64
		{667AF439-BC1D-4B2D-90B8-E6F3509DD63F}.Debug|x86.ActiveCfg = Debug|Any CPU
		{667AF439-BC1D-4B2D-90B8-E6F3509DD63F}.Release|Any CPU.ActiveCfg = Release|Any CPU
		{667AF439-BC1D-4B2D-90B8-E6F3509DD63F}.Release|Any CPU.Build.0 = Release|Any CPU
		{667AF439-BC1D-4B2D-90B8-E6F3509DD63F}.Release|x64.ActiveCfg = Release|x64
		{667AF439-BC1D-4B2D-90B8-E6F3509DD63F}.Release|x64.Build.0 = Release|x64
		{667AF439-BC1D-4B2D-90B8-E6F3509DD63F}.Release|x86.ActiveCfg = Release|Any CPU
		{1EA1F24D-B83F-4649-A2D6-EDCE9429D68F}.Debug|Any CPU.ActiveCfg = Debug|Any CPU
		{1EA1F24D-B83F-4649-A2D6-EDCE9429D68F}.Debug|Any CPU.Build.0 = Debug|Any CPU
		{1EA1F24D-B83F-4649-A2D6-EDCE9429D68F}.Debug|x64.ActiveCfg = Debug|x64
		{1EA1F24D-B83F-4649-A2D6-EDCE9429D68F}.Debug|x64.Build.0 = Debug|x64
		{1EA1F24D-B83F-4649-A2D6-EDCE9429D68F}.Debug|x86.ActiveCfg = Debug|Any CPU
		{1EA1F24D-B83F-4649-A2D6-EDCE9429D68F}.Release|Any CPU.ActiveCfg = Release|Any CPU
		{1EA1F24D-B83F-4649-A2D6-EDCE9429D68F}.Release|Any CPU.Build.0 = Release|Any CPU
		{1EA1F24D-B83F-4649-A2D6-EDCE9429D68F}.Release|x64.ActiveCfg = Release|x64
		{1EA1F24D-B83F-4649-A2D6-EDCE9429D68F}.Release|x64.Build.0 = Release|x64
		{1EA1F24D-B83F-4649-A2D6-EDCE9429D68F}.Release|x86.ActiveCfg = Release|Any CPU
		{5D12AA9A-2B82-45D2-9529-B00AAAD1C255}.Debug|Any CPU.ActiveCfg = Debug|Any CPU
		{5D12AA9A-2B82-45D2-9529-B00AAAD1C255}.Debug|Any CPU.Build.0 = Debug|Any CPU
		{5D12AA9A-2B82-45D2-9529-B00AAAD1C255}.Debug|x64.ActiveCfg = Debug|x64
		{5D12AA9A-2B82-45D2-9529-B00AAAD1C255}.Debug|x64.Build.0 = Debug|x64
		{5D12AA9A-2B82-45D2-9529-B00AAAD1C255}.Debug|x86.ActiveCfg = Debug|Any CPU
		{5D12AA9A-2B82-45D2-9529-B00AAAD1C255}.Release|Any CPU.ActiveCfg = Release|Any CPU
		{5D12AA9A-2B82-45D2-9529-B00AAAD1C255}.Release|Any CPU.Build.0 = Release|Any CPU
		{5D12AA9A-2B82-45D2-9529-B00AAAD1C255}.Release|x64.ActiveCfg = Release|x64
		{5D12AA9A-2B82-45D2-9529-B00AAAD1C255}.Release|x64.Build.0 = Release|x64
		{5D12AA9A-2B82-45D2-9529-B00AAAD1C255}.Release|x86.ActiveCfg = Release|Any CPU
		{482F19EE-3AF5-48AE-8E76-0A99FD3149BB}.Debug|Any CPU.ActiveCfg = Debug|Any CPU
		{482F19EE-3AF5-48AE-8E76-0A99FD3149BB}.Debug|Any CPU.Build.0 = Debug|Any CPU
		{482F19EE-3AF5-48AE-8E76-0A99FD3149BB}.Debug|x64.ActiveCfg = Debug|x64
		{482F19EE-3AF5-48AE-8E76-0A99FD3149BB}.Debug|x64.Build.0 = Debug|x64
		{482F19EE-3AF5-48AE-8E76-0A99FD3149BB}.Debug|x86.ActiveCfg = Debug|Any CPU
		{482F19EE-3AF5-48AE-8E76-0A99FD3149BB}.Release|Any CPU.ActiveCfg = Release|Any CPU
		{482F19EE-3AF5-48AE-8E76-0A99FD3149BB}.Release|Any CPU.Build.0 = Release|Any CPU
		{482F19EE-3AF5-48AE-8E76-0A99FD3149BB}.Release|x64.ActiveCfg = Release|x64
		{482F19EE-3AF5-48AE-8E76-0A99FD3149BB}.Release|x64.Build.0 = Release|x64
		{482F19EE-3AF5-48AE-8E76-0A99FD3149BB}.Release|x86.ActiveCfg = Release|Any CPU
		{0AD413C1-765D-435E-A30E-71CDD8F05B7C}.Debug|Any CPU.ActiveCfg = Debug|Any CPU
		{0AD413C1-765D-435E-A30E-71CDD8F05B7C}.Debug|Any CPU.Build.0 = Debug|Any CPU
		{0AD413C1-765D-435E-A30E-71CDD8F05B7C}.Debug|x64.ActiveCfg = Debug|x64
		{0AD413C1-765D-435E-A30E-71CDD8F05B7C}.Debug|x64.Build.0 = Debug|x64
		{0AD413C1-765D-435E-A30E-71CDD8F05B7C}.Debug|x86.ActiveCfg = Debug|Any CPU
		{0AD413C1-765D-435E-A30E-71CDD8F05B7C}.Release|Any CPU.ActiveCfg = Release|Any CPU
		{0AD413C1-765D-435E-A30E-71CDD8F05B7C}.Release|Any CPU.Build.0 = Release|Any CPU
		{0AD413C1-765D-435E-A30E-71CDD8F05B7C}.Release|x64.ActiveCfg = Release|x64
		{0AD413C1-765D-435E-A30E-71CDD8F05B7C}.Release|x64.Build.0 = Release|x64
		{0AD413C1-765D-435E-A30E-71CDD8F05B7C}.Release|x86.ActiveCfg = Release|Any CPU
		{1E46E63C-1A00-4D9B-A3A4-EA951FE61AF9}.Debug|Any CPU.ActiveCfg = Debug|Any CPU
		{1E46E63C-1A00-4D9B-A3A4-EA951FE61AF9}.Debug|Any CPU.Build.0 = Debug|Any CPU
		{1E46E63C-1A00-4D9B-A3A4-EA951FE61AF9}.Debug|x64.ActiveCfg = Debug|x64
		{1E46E63C-1A00-4D9B-A3A4-EA951FE61AF9}.Debug|x64.Build.0 = Debug|x64
		{1E46E63C-1A00-4D9B-A3A4-EA951FE61AF9}.Debug|x86.ActiveCfg = Debug|Any CPU
		{1E46E63C-1A00-4D9B-A3A4-EA951FE61AF9}.Release|Any CPU.ActiveCfg = Release|Any CPU
		{1E46E63C-1A00-4D9B-A3A4-EA951FE61AF9}.Release|Any CPU.Build.0 = Release|Any CPU
		{1E46E63C-1A00-4D9B-A3A4-EA951FE61AF9}.Release|x64.ActiveCfg = Release|x64
		{1E46E63C-1A00-4D9B-A3A4-EA951FE61AF9}.Release|x64.Build.0 = Release|x64
		{1E46E63C-1A00-4D9B-A3A4-EA951FE61AF9}.Release|x86.ActiveCfg = Release|Any CPU
		{770F6894-8E4D-4706-B3E3-2E65D215CFA6}.Debug|Any CPU.ActiveCfg = Debug|Any CPU
		{770F6894-8E4D-4706-B3E3-2E65D215CFA6}.Debug|Any CPU.Build.0 = Debug|Any CPU
		{770F6894-8E4D-4706-B3E3-2E65D215CFA6}.Debug|x64.ActiveCfg = Debug|x64
		{770F6894-8E4D-4706-B3E3-2E65D215CFA6}.Debug|x64.Build.0 = Debug|x64
		{770F6894-8E4D-4706-B3E3-2E65D215CFA6}.Debug|x86.ActiveCfg = Debug|Any CPU
		{770F6894-8E4D-4706-B3E3-2E65D215CFA6}.Release|Any CPU.ActiveCfg = Release|Any CPU
		{770F6894-8E4D-4706-B3E3-2E65D215CFA6}.Release|Any CPU.Build.0 = Release|Any CPU
		{770F6894-8E4D-4706-B3E3-2E65D215CFA6}.Release|x64.ActiveCfg = Release|x64
		{770F6894-8E4D-4706-B3E3-2E65D215CFA6}.Release|x64.Build.0 = Release|x64
		{770F6894-8E4D-4706-B3E3-2E65D215CFA6}.Release|x86.ActiveCfg = Release|Any CPU
		{B43A94E0-DCF6-418D-9B1F-2ADFA98476CE}.Debug|Any CPU.ActiveCfg = Debug|Any CPU
		{B43A94E0-DCF6-418D-9B1F-2ADFA98476CE}.Debug|Any CPU.Build.0 = Debug|Any CPU
		{B43A94E0-DCF6-418D-9B1F-2ADFA98476CE}.Debug|x64.ActiveCfg = Debug|x64
		{B43A94E0-DCF6-418D-9B1F-2ADFA98476CE}.Debug|x64.Build.0 = Debug|x64
		{B43A94E0-DCF6-418D-9B1F-2ADFA98476CE}.Debug|x86.ActiveCfg = Debug|Any CPU
		{B43A94E0-DCF6-418D-9B1F-2ADFA98476CE}.Release|Any CPU.ActiveCfg = Release|Any CPU
		{B43A94E0-DCF6-418D-9B1F-2ADFA98476CE}.Release|Any CPU.Build.0 = Release|Any CPU
		{B43A94E0-DCF6-418D-9B1F-2ADFA98476CE}.Release|x64.ActiveCfg = Release|x64
		{B43A94E0-DCF6-418D-9B1F-2ADFA98476CE}.Release|x64.Build.0 = Release|x64
		{B43A94E0-DCF6-418D-9B1F-2ADFA98476CE}.Release|x86.ActiveCfg = Release|Any CPU
		{7B26C79C-EB8D-4CDE-94BA-A7FA540E1A9F}.Debug|Any CPU.ActiveCfg = Debug|Any CPU
		{7B26C79C-EB8D-4CDE-94BA-A7FA540E1A9F}.Debug|Any CPU.Build.0 = Debug|Any CPU
		{7B26C79C-EB8D-4CDE-94BA-A7FA540E1A9F}.Debug|x64.ActiveCfg = Debug|Any CPU
		{7B26C79C-EB8D-4CDE-94BA-A7FA540E1A9F}.Debug|x86.ActiveCfg = Debug|Any CPU
		{7B26C79C-EB8D-4CDE-94BA-A7FA540E1A9F}.Release|Any CPU.ActiveCfg = Release|Any CPU
		{7B26C79C-EB8D-4CDE-94BA-A7FA540E1A9F}.Release|Any CPU.Build.0 = Release|Any CPU
		{7B26C79C-EB8D-4CDE-94BA-A7FA540E1A9F}.Release|x64.ActiveCfg = Release|Any CPU
		{7B26C79C-EB8D-4CDE-94BA-A7FA540E1A9F}.Release|x86.ActiveCfg = Release|Any CPU
		{8909CB75-D90F-4122-B710-1FB9A2C86C95}.Debug|Any CPU.ActiveCfg = Debug|Any CPU
		{8909CB75-D90F-4122-B710-1FB9A2C86C95}.Debug|Any CPU.Build.0 = Debug|Any CPU
		{8909CB75-D90F-4122-B710-1FB9A2C86C95}.Debug|x64.ActiveCfg = Debug|Any CPU
		{8909CB75-D90F-4122-B710-1FB9A2C86C95}.Debug|x86.ActiveCfg = Debug|Any CPU
		{8909CB75-D90F-4122-B710-1FB9A2C86C95}.Release|Any CPU.ActiveCfg = Release|Any CPU
		{8909CB75-D90F-4122-B710-1FB9A2C86C95}.Release|Any CPU.Build.0 = Release|Any CPU
		{8909CB75-D90F-4122-B710-1FB9A2C86C95}.Release|x64.ActiveCfg = Release|Any CPU
		{8909CB75-D90F-4122-B710-1FB9A2C86C95}.Release|x86.ActiveCfg = Release|Any CPU
	EndGlobalSection
	GlobalSection(SolutionProperties) = preSolution
		HideSolutionNode = FALSE
	EndGlobalSection
EndGlobal
