
Microsoft Visual Studio Solution File, Format Version 12.00
# Visual Studio 2013
VisualStudioVersion = 12.0.21005.1
MinimumVisualStudioVersion = 10.0.40219.1
Project("{FAE04EC0-301F-11D3-BF4B-00C04F79EFBC}") = "DBHelper", "DBHelper\DBHelper.csproj", "{3AE60266-2BE3-4499-A030-6D15178CF6AC}"
EndProject
Project("{FAE04EC0-301F-11D3-BF4B-00C04F79EFBC}") = "DBHelper.Test", "DBHelper.Test\DBHelper.Test.csproj", "{30401D2E-6C44-47C6-B506-207DE813793C}"
EndProject
Project("{FAE04EC0-301F-11D3-BF4B-00C04F79EFBC}") = "DBHelper.Generate", "DBHelper.Generate\DBHelper.Generate.csproj", "{598CF13D-4818-4CF7-B253-C4F4C33D14F7}"
EndProject
Project("{FAE04EC0-301F-11D3-BF4B-00C04F79EFBC}") = "DBHelper.Execute", "DBHelper.Execute\DBHelper.Execute.csproj", "{FCFCA760-EF14-401B-B6AE-1491F21205C7}"
EndProject
Global
	GlobalSection(SolutionConfigurationPlatforms) = preSolution
		Debug|Any CPU = Debug|Any CPU
		Release|Any CPU = Release|Any CPU
	EndGlobalSection
	GlobalSection(ProjectConfigurationPlatforms) = postSolution
		{3AE60266-2BE3-4499-A030-6D15178CF6AC}.Debug|Any CPU.ActiveCfg = Debug|Any CPU
		{3AE60266-2BE3-4499-A030-6D15178CF6AC}.Debug|Any CPU.Build.0 = Debug|Any CPU
		{3AE60266-2BE3-4499-A030-6D15178CF6AC}.Release|Any CPU.ActiveCfg = Release|Any CPU
		{3AE60266-2BE3-4499-A030-6D15178CF6AC}.Release|Any CPU.Build.0 = Release|Any CPU
		{30401D2E-6C44-47C6-B506-207DE813793C}.Debug|Any CPU.ActiveCfg = Debug|Any CPU
		{30401D2E-6C44-47C6-B506-207DE813793C}.Debug|Any CPU.Build.0 = Debug|Any CPU
		{30401D2E-6C44-47C6-B506-207DE813793C}.Release|Any CPU.ActiveCfg = Release|Any CPU
		{30401D2E-6C44-47C6-B506-207DE813793C}.Release|Any CPU.Build.0 = Release|Any CPU
		{598CF13D-4818-4CF7-B253-C4F4C33D14F7}.Debug|Any CPU.ActiveCfg = Debug|Any CPU
		{598CF13D-4818-4CF7-B253-C4F4C33D14F7}.Debug|Any CPU.Build.0 = Debug|Any CPU
		{598CF13D-4818-4CF7-B253-C4F4C33D14F7}.Release|Any CPU.ActiveCfg = Release|Any CPU
		{598CF13D-4818-4CF7-B253-C4F4C33D14F7}.Release|Any CPU.Build.0 = Release|Any CPU
		{FCFCA760-EF14-401B-B6AE-1491F21205C7}.Debug|Any CPU.ActiveCfg = Debug|Any CPU
		{FCFCA760-EF14-401B-B6AE-1491F21205C7}.Debug|Any CPU.Build.0 = Debug|Any CPU
		{FCFCA760-EF14-401B-B6AE-1491F21205C7}.Release|Any CPU.ActiveCfg = Release|Any CPU
		{FCFCA760-EF14-401B-B6AE-1491F21205C7}.Release|Any CPU.Build.0 = Release|Any CPU
	EndGlobalSection
	GlobalSection(SolutionProperties) = preSolution
		HideSolutionNode = FALSE
	EndGlobalSection
EndGlobal
