
Microsoft Visual Studio Solution File, Format Version 12.00
# Visual Studio 2013
VisualStudioVersion = 12.0.21005.1
MinimumVisualStudioVersion = 10.0.40219.1
Project("{FAE04EC0-301F-11D3-BF4B-00C04F79EFBC}") = "WinFormSample01", "WinFormSample01\WinFormSample01.csproj", "{BCDD6225-07B5-4A3B-8BA8-A5E45B826B4D}"
EndProject
Project("{2150E333-8FDC-42A3-9474-1A3956D46DE8}") = "Solution Items", "Solution Items", "{3F489C01-1CFA-48A6-848A-F1C507B7DC0F}"
	ProjectSection(SolutionItems) = preProject
		Remark.txt = Remark.txt
	EndProjectSection
EndProject
Project("{FAE04EC0-301F-11D3-BF4B-00C04F79EFBC}") = "WinFormSample02", "WinFormSample02\WinFormSample02.csproj", "{29F94C82-003D-411D-841F-018048CD722C}"
EndProject
Project("{FAE04EC0-301F-11D3-BF4B-00C04F79EFBC}") = "WinFormSample03", "WinFormSample03\WinFormSample03.csproj", "{910AD251-323E-49F3-B81D-FCED7FFBECAF}"
EndProject
Project("{FAE04EC0-301F-11D3-BF4B-00C04F79EFBC}") = "WinFormSample04", "WinFormSample04\WinFormSample04.csproj", "{27E8A90E-7F97-4883-A0C0-9A886A6635CD}"
EndProject
Project("{FAE04EC0-301F-11D3-BF4B-00C04F79EFBC}") = "WinFormSample05", "WinFormSample05\WinFormSample05.csproj", "{A06FE2B5-793A-432F-9987-E94C8B1C692A}"
EndProject
Global
	GlobalSection(SolutionConfigurationPlatforms) = preSolution
		Debug|Any CPU = Debug|Any CPU
		Debug|Mixed Platforms = Debug|Mixed Platforms
		Debug|x64 = Debug|x64
		Debug|x86 = Debug|x86
		Release|Any CPU = Release|Any CPU
		Release|Mixed Platforms = Release|Mixed Platforms
		Release|x64 = Release|x64
		Release|x86 = Release|x86
	EndGlobalSection
	GlobalSection(ProjectConfigurationPlatforms) = postSolution
		{BCDD6225-07B5-4A3B-8BA8-A5E45B826B4D}.Debug|Any CPU.ActiveCfg = Debug|Any CPU
		{BCDD6225-07B5-4A3B-8BA8-A5E45B826B4D}.Debug|Any CPU.Build.0 = Debug|Any CPU
		{BCDD6225-07B5-4A3B-8BA8-A5E45B826B4D}.Debug|Mixed Platforms.ActiveCfg = Debug|Any CPU
		{BCDD6225-07B5-4A3B-8BA8-A5E45B826B4D}.Debug|Mixed Platforms.Build.0 = Debug|Any CPU
		{BCDD6225-07B5-4A3B-8BA8-A5E45B826B4D}.Debug|x64.ActiveCfg = Debug|x64
		{BCDD6225-07B5-4A3B-8BA8-A5E45B826B4D}.Debug|x64.Build.0 = Debug|x64
		{BCDD6225-07B5-4A3B-8BA8-A5E45B826B4D}.Debug|x86.ActiveCfg = Debug|x86
		{BCDD6225-07B5-4A3B-8BA8-A5E45B826B4D}.Debug|x86.Build.0 = Debug|x86
		{BCDD6225-07B5-4A3B-8BA8-A5E45B826B4D}.Release|Any CPU.ActiveCfg = Release|Any CPU
		{BCDD6225-07B5-4A3B-8BA8-A5E45B826B4D}.Release|Any CPU.Build.0 = Release|Any CPU
		{BCDD6225-07B5-4A3B-8BA8-A5E45B826B4D}.Release|Mixed Platforms.ActiveCfg = Release|Any CPU
		{BCDD6225-07B5-4A3B-8BA8-A5E45B826B4D}.Release|Mixed Platforms.Build.0 = Release|Any CPU
		{BCDD6225-07B5-4A3B-8BA8-A5E45B826B4D}.Release|x64.ActiveCfg = Release|x64
		{BCDD6225-07B5-4A3B-8BA8-A5E45B826B4D}.Release|x64.Build.0 = Release|x64
		{BCDD6225-07B5-4A3B-8BA8-A5E45B826B4D}.Release|x86.ActiveCfg = Release|x86
		{BCDD6225-07B5-4A3B-8BA8-A5E45B826B4D}.Release|x86.Build.0 = Release|x86
		{29F94C82-003D-411D-841F-018048CD722C}.Debug|Any CPU.ActiveCfg = Debug|Any CPU
		{29F94C82-003D-411D-841F-018048CD722C}.Debug|Any CPU.Build.0 = Debug|Any CPU
		{29F94C82-003D-411D-841F-018048CD722C}.Debug|Mixed Platforms.ActiveCfg = Debug|Any CPU
		{29F94C82-003D-411D-841F-018048CD722C}.Debug|Mixed Platforms.Build.0 = Debug|Any CPU
		{29F94C82-003D-411D-841F-018048CD722C}.Debug|x64.ActiveCfg = Debug|x64
		{29F94C82-003D-411D-841F-018048CD722C}.Debug|x64.Build.0 = Debug|x64
		{29F94C82-003D-411D-841F-018048CD722C}.Debug|x86.ActiveCfg = Debug|x86
		{29F94C82-003D-411D-841F-018048CD722C}.Debug|x86.Build.0 = Debug|x86
		{29F94C82-003D-411D-841F-018048CD722C}.Release|Any CPU.ActiveCfg = Release|Any CPU
		{29F94C82-003D-411D-841F-018048CD722C}.Release|Any CPU.Build.0 = Release|Any CPU
		{29F94C82-003D-411D-841F-018048CD722C}.Release|Mixed Platforms.ActiveCfg = Release|Any CPU
		{29F94C82-003D-411D-841F-018048CD722C}.Release|Mixed Platforms.Build.0 = Release|Any CPU
		{29F94C82-003D-411D-841F-018048CD722C}.Release|x64.ActiveCfg = Release|x64
		{29F94C82-003D-411D-841F-018048CD722C}.Release|x64.Build.0 = Release|x64
		{29F94C82-003D-411D-841F-018048CD722C}.Release|x86.ActiveCfg = Release|x86
		{29F94C82-003D-411D-841F-018048CD722C}.Release|x86.Build.0 = Release|x86
		{910AD251-323E-49F3-B81D-FCED7FFBECAF}.Debug|Any CPU.ActiveCfg = Debug|Any CPU
		{910AD251-323E-49F3-B81D-FCED7FFBECAF}.Debug|Any CPU.Build.0 = Debug|Any CPU
		{910AD251-323E-49F3-B81D-FCED7FFBECAF}.Debug|Mixed Platforms.ActiveCfg = Debug|x86
		{910AD251-323E-49F3-B81D-FCED7FFBECAF}.Debug|Mixed Platforms.Build.0 = Debug|x86
		{910AD251-323E-49F3-B81D-FCED7FFBECAF}.Debug|x64.ActiveCfg = Debug|x64
		{910AD251-323E-49F3-B81D-FCED7FFBECAF}.Debug|x64.Build.0 = Debug|x64
		{910AD251-323E-49F3-B81D-FCED7FFBECAF}.Debug|x86.ActiveCfg = Debug|x86
		{910AD251-323E-49F3-B81D-FCED7FFBECAF}.Debug|x86.Build.0 = Debug|x86
		{910AD251-323E-49F3-B81D-FCED7FFBECAF}.Release|Any CPU.ActiveCfg = Release|Any CPU
		{910AD251-323E-49F3-B81D-FCED7FFBECAF}.Release|Any CPU.Build.0 = Release|Any CPU
		{910AD251-323E-49F3-B81D-FCED7FFBECAF}.Release|Mixed Platforms.ActiveCfg = Release|x86
		{910AD251-323E-49F3-B81D-FCED7FFBECAF}.Release|Mixed Platforms.Build.0 = Release|x86
		{910AD251-323E-49F3-B81D-FCED7FFBECAF}.Release|x64.ActiveCfg = Release|x64
		{910AD251-323E-49F3-B81D-FCED7FFBECAF}.Release|x64.Build.0 = Release|x64
		{910AD251-323E-49F3-B81D-FCED7FFBECAF}.Release|x86.ActiveCfg = Release|x86
		{910AD251-323E-49F3-B81D-FCED7FFBECAF}.Release|x86.Build.0 = Release|x86
		{27E8A90E-7F97-4883-A0C0-9A886A6635CD}.Debug|Any CPU.ActiveCfg = Debug|Any CPU
		{27E8A90E-7F97-4883-A0C0-9A886A6635CD}.Debug|Any CPU.Build.0 = Debug|Any CPU
		{27E8A90E-7F97-4883-A0C0-9A886A6635CD}.Debug|Mixed Platforms.ActiveCfg = Debug|Any CPU
		{27E8A90E-7F97-4883-A0C0-9A886A6635CD}.Debug|Mixed Platforms.Build.0 = Debug|Any CPU
		{27E8A90E-7F97-4883-A0C0-9A886A6635CD}.Debug|x64.ActiveCfg = Debug|x64
		{27E8A90E-7F97-4883-A0C0-9A886A6635CD}.Debug|x64.Build.0 = Debug|x64
		{27E8A90E-7F97-4883-A0C0-9A886A6635CD}.Debug|x86.ActiveCfg = Debug|x86
		{27E8A90E-7F97-4883-A0C0-9A886A6635CD}.Debug|x86.Build.0 = Debug|x86
		{27E8A90E-7F97-4883-A0C0-9A886A6635CD}.Release|Any CPU.ActiveCfg = Release|Any CPU
		{27E8A90E-7F97-4883-A0C0-9A886A6635CD}.Release|Any CPU.Build.0 = Release|Any CPU
		{27E8A90E-7F97-4883-A0C0-9A886A6635CD}.Release|Mixed Platforms.ActiveCfg = Release|Any CPU
		{27E8A90E-7F97-4883-A0C0-9A886A6635CD}.Release|Mixed Platforms.Build.0 = Release|Any CPU
		{27E8A90E-7F97-4883-A0C0-9A886A6635CD}.Release|x64.ActiveCfg = Release|x64
		{27E8A90E-7F97-4883-A0C0-9A886A6635CD}.Release|x64.Build.0 = Release|x64
		{27E8A90E-7F97-4883-A0C0-9A886A6635CD}.Release|x86.ActiveCfg = Release|x86
		{27E8A90E-7F97-4883-A0C0-9A886A6635CD}.Release|x86.Build.0 = Release|x86
		{A06FE2B5-793A-432F-9987-E94C8B1C692A}.Debug|Any CPU.ActiveCfg = Debug|Any CPU
		{A06FE2B5-793A-432F-9987-E94C8B1C692A}.Debug|Any CPU.Build.0 = Debug|Any CPU
		{A06FE2B5-793A-432F-9987-E94C8B1C692A}.Debug|Mixed Platforms.ActiveCfg = Debug|Any CPU
		{A06FE2B5-793A-432F-9987-E94C8B1C692A}.Debug|Mixed Platforms.Build.0 = Debug|Any CPU
		{A06FE2B5-793A-432F-9987-E94C8B1C692A}.Debug|x64.ActiveCfg = Debug|Any CPU
		{A06FE2B5-793A-432F-9987-E94C8B1C692A}.Debug|x86.ActiveCfg = Debug|x86
		{A06FE2B5-793A-432F-9987-E94C8B1C692A}.Debug|x86.Build.0 = Debug|x86
		{A06FE2B5-793A-432F-9987-E94C8B1C692A}.Release|Any CPU.ActiveCfg = Release|Any CPU
		{A06FE2B5-793A-432F-9987-E94C8B1C692A}.Release|Any CPU.Build.0 = Release|Any CPU
		{A06FE2B5-793A-432F-9987-E94C8B1C692A}.Release|Mixed Platforms.ActiveCfg = Release|Any CPU
		{A06FE2B5-793A-432F-9987-E94C8B1C692A}.Release|Mixed Platforms.Build.0 = Release|Any CPU
		{A06FE2B5-793A-432F-9987-E94C8B1C692A}.Release|x64.ActiveCfg = Release|Any CPU
		{A06FE2B5-793A-432F-9987-E94C8B1C692A}.Release|x86.ActiveCfg = Release|Any CPU
	EndGlobalSection
	GlobalSection(SolutionProperties) = preSolution
		HideSolutionNode = FALSE
	EndGlobalSection
EndGlobal
