
Microsoft Visual Studio Solution File, Format Version 12.00
# Visual Studio 2013
VisualStudioVersion = 12.0.21005.1
MinimumVisualStudioVersion = 10.0.40219.1
Project("{FAE04EC0-301F-11D3-BF4B-00C04F79EFBC}") = "Component.DAO", "Component.DAO\Component.DAO.csproj", "{E46D3600-5A08-4B4C-959C-FD3ADAE901F4}"
EndProject
Project("{FAE04EC0-301F-11D3-BF4B-00C04F79EFBC}") = "UnitTest", "UnitTest\UnitTest.csproj", "{CED8D8BB-1A84-43C5-9A03-918439C4DAC8}"
EndProject
Project("{FAE04EC0-301F-11D3-BF4B-00C04F79EFBC}") = "Component.Util", "Component.Util\Component.Util.csproj", "{07B161E1-09BB-4C19-8FE3-1072D6F10906}"
EndProject
Global
	GlobalSection(SolutionConfigurationPlatforms) = preSolution
		Debug|Any CPU = Debug|Any CPU
		Release|Any CPU = Release|Any CPU
	EndGlobalSection
	GlobalSection(ProjectConfigurationPlatforms) = postSolution
		{E46D3600-5A08-4B4C-959C-FD3ADAE901F4}.Debug|Any CPU.ActiveCfg = Debug|Any CPU
		{E46D3600-5A08-4B4C-959C-FD3ADAE901F4}.Debug|Any CPU.Build.0 = Debug|Any CPU
		{E46D3600-5A08-4B4C-959C-FD3ADAE901F4}.Release|Any CPU.ActiveCfg = Release|Any CPU
		{E46D3600-5A08-4B4C-959C-FD3ADAE901F4}.Release|Any CPU.Build.0 = Release|Any CPU
		{CED8D8BB-1A84-43C5-9A03-918439C4DAC8}.Debug|Any CPU.ActiveCfg = Debug|Any CPU
		{CED8D8BB-1A84-43C5-9A03-918439C4DAC8}.Debug|Any CPU.Build.0 = Debug|Any CPU
		{CED8D8BB-1A84-43C5-9A03-918439C4DAC8}.Release|Any CPU.ActiveCfg = Release|Any CPU
		{CED8D8BB-1A84-43C5-9A03-918439C4DAC8}.Release|Any CPU.Build.0 = Release|Any CPU
		{07B161E1-09BB-4C19-8FE3-1072D6F10906}.Debug|Any CPU.ActiveCfg = Debug|Any CPU
		{07B161E1-09BB-4C19-8FE3-1072D6F10906}.Debug|Any CPU.Build.0 = Debug|Any CPU
		{07B161E1-09BB-4C19-8FE3-1072D6F10906}.Release|Any CPU.ActiveCfg = Release|Any CPU
		{07B161E1-09BB-4C19-8FE3-1072D6F10906}.Release|Any CPU.Build.0 = Release|Any CPU
	EndGlobalSection
	GlobalSection(SolutionProperties) = preSolution
		HideSolutionNode = FALSE
	EndGlobalSection
EndGlobal
