
Microsoft Visual Studio Solution File, Format Version 12.00
# Visual Studio Version 17
VisualStudioVersion = 17.1.32407.343
MinimumVisualStudioVersion = 10.0.40219.1
Project("{9A19103F-16F7-4668-BE54-9A1E7A4F7556}") = "第一个WebAPI项目", "第一个WebAPI项目\第一个WebAPI项目.csproj", "{97D77B86-C42E-4C65-87E8-34D78C62D3D1}"
EndProject
Project("{FAE04EC0-301F-11D3-BF4B-00C04F79EFBC}") = "WebAPI的技术及选择1", "WebAPI的技术及选择1\WebAPI的技术及选择1.csproj", "{D5514F7F-0095-4879-9DA8-51520BF1E975}"
EndProject
Project("{FAE04EC0-301F-11D3-BF4B-00C04F79EFBC}") = "前后端分离的WebAPI", "前后端分离的WebAPI\前后端分离的WebAPI.csproj", "{27F70BB4-0529-4D58-BC59-645F4E63B01C}"
EndProject
Global
	GlobalSection(SolutionConfigurationPlatforms) = preSolution
		Debug|Any CPU = Debug|Any CPU
		Release|Any CPU = Release|Any CPU
	EndGlobalSection
	GlobalSection(ProjectConfigurationPlatforms) = postSolution
		{97D77B86-C42E-4C65-87E8-34D78C62D3D1}.Debug|Any CPU.ActiveCfg = Debug|Any CPU
		{97D77B86-C42E-4C65-87E8-34D78C62D3D1}.Debug|Any CPU.Build.0 = Debug|Any CPU
		{97D77B86-C42E-4C65-87E8-34D78C62D3D1}.Release|Any CPU.ActiveCfg = Release|Any CPU
		{97D77B86-C42E-4C65-87E8-34D78C62D3D1}.Release|Any CPU.Build.0 = Release|Any CPU
		{D5514F7F-0095-4879-9DA8-51520BF1E975}.Debug|Any CPU.ActiveCfg = Debug|Any CPU
		{D5514F7F-0095-4879-9DA8-51520BF1E975}.Debug|Any CPU.Build.0 = Debug|Any CPU
		{D5514F7F-0095-4879-9DA8-51520BF1E975}.Release|Any CPU.ActiveCfg = Release|Any CPU
		{D5514F7F-0095-4879-9DA8-51520BF1E975}.Release|Any CPU.Build.0 = Release|Any CPU
		{27F70BB4-0529-4D58-BC59-645F4E63B01C}.Debug|Any CPU.ActiveCfg = Debug|Any CPU
		{27F70BB4-0529-4D58-BC59-645F4E63B01C}.Debug|Any CPU.Build.0 = Debug|Any CPU
		{27F70BB4-0529-4D58-BC59-645F4E63B01C}.Release|Any CPU.ActiveCfg = Release|Any CPU
		{27F70BB4-0529-4D58-BC59-645F4E63B01C}.Release|Any CPU.Build.0 = Release|Any CPU
	EndGlobalSection
	GlobalSection(SolutionProperties) = preSolution
		HideSolutionNode = FALSE
	EndGlobalSection
	GlobalSection(ExtensibilityGlobals) = postSolution
		SolutionGuid = {9618D965-51B3-4EB6-9A83-49922E209AA3}
	EndGlobalSection
EndGlobal
