
Microsoft Visual Studio Solution File, Format Version 12.00
# Visual Studio Version 17
VisualStudioVersion = 17.1.32407.343
MinimumVisualStudioVersion = 10.0.40219.1
Project("{9A19103F-16F7-4668-BE54-9A1E7A4F7556}") = "顶级语句", "顶级语句\顶级语句.csproj", "{BF3B7387-2EA4-4949-B03B-0BA3CB102EFC}"
EndProject
Project("{2150E333-8FDC-42A3-9474-1A3956D46DE8}") = "CSharp语言的新特性", "CSharp语言的新特性", "{90F6F86E-0E22-4060-9663-CDD2D9783887}"
EndProject
Project("{2150E333-8FDC-42A3-9474-1A3956D46DE8}") = "LINQ", "LINQ", "{6E32E23B-D7A3-4E0F-AA65-F51E2D1091F3}"
EndProject
Project("{2150E333-8FDC-42A3-9474-1A3956D46DE8}") = "异步编程", "异步编程", "{BAE609BA-7799-4932-8146-E0842395D5B5}"
EndProject
Project("{9A19103F-16F7-4668-BE54-9A1E7A4F7556}") = "全局using指令", "全局using指令\全局using指令.csproj", "{AB0246DF-8BED-4DE2-9379-8CDC33EEBB43}"
EndProject
Project("{9A19103F-16F7-4668-BE54-9A1E7A4F7556}") = "using声明新语法", "using声明新语法\using声明新语法.csproj", "{446F65C0-3B71-48D3-B4F1-64480E1A8C6E}"
EndProject
Project("{9A19103F-16F7-4668-BE54-9A1E7A4F7556}") = "简化的命名空间声明", "简化的命名空间声明\简化的命名空间声明.csproj", "{6DB91BC9-3F30-41D0-A43F-06884F49091C}"
EndProject
Project("{9A19103F-16F7-4668-BE54-9A1E7A4F7556}") = "可空引用类型", "可空引用类型\可空引用类型.csproj", "{DE9A5C5D-D1EE-4D5E-8895-03597FA447B1}"
EndProject
Project("{9A19103F-16F7-4668-BE54-9A1E7A4F7556}") = "记录类型", "记录类型\记录类型.csproj", "{AC9146E8-960E-41E0-867A-2D0685737F4F}"
EndProject
Project("{9A19103F-16F7-4668-BE54-9A1E7A4F7556}") = "异步的基本使用", "异步的基本使用\异步的基本使用.csproj", "{DF8F214E-397C-4029-83D4-97267F37397C}"
EndProject
Project("{9A19103F-16F7-4668-BE54-9A1E7A4F7556}") = "编写异步方法", "编写异步方法\编写异步方法.csproj", "{9F309E3B-EEB5-4B91-BFFB-9A784F43D722}"
EndProject
Project("{9A19103F-16F7-4668-BE54-9A1E7A4F7556}") = "async背后的线程切换", "async背后的线程切换\async背后的线程切换.csproj", "{D4AC4440-DAAF-4008-A2FB-549607891165}"
EndProject
Project("{FAE04EC0-301F-11D3-BF4B-00C04F79EFBC}") = "不用async的异步方法", "不用async的异步方法\不用async的异步方法.csproj", "{26D992CA-9881-4410-B941-2734EA221E65}"
EndProject
Project("{FAE04EC0-301F-11D3-BF4B-00C04F79EFBC}") = "手动创建Task对象", "手动创建Task对象\手动创建Task对象.csproj", "{FA659D0C-639A-4E54-97B0-42A4D4217527}"
EndProject
Project("{FAE04EC0-301F-11D3-BF4B-00C04F79EFBC}") = "MyWhere的实现", "MyWhere的实现\MyWhere的实现.csproj", "{5647ACA3-4347-4AB8-9D1D-5606BA3C2080}"
EndProject
Global
	GlobalSection(SolutionConfigurationPlatforms) = preSolution
		Debug|Any CPU = Debug|Any CPU
		Release|Any CPU = Release|Any CPU
	EndGlobalSection
	GlobalSection(ProjectConfigurationPlatforms) = postSolution
		{BF3B7387-2EA4-4949-B03B-0BA3CB102EFC}.Debug|Any CPU.ActiveCfg = Debug|Any CPU
		{BF3B7387-2EA4-4949-B03B-0BA3CB102EFC}.Debug|Any CPU.Build.0 = Debug|Any CPU
		{BF3B7387-2EA4-4949-B03B-0BA3CB102EFC}.Release|Any CPU.ActiveCfg = Release|Any CPU
		{BF3B7387-2EA4-4949-B03B-0BA3CB102EFC}.Release|Any CPU.Build.0 = Release|Any CPU
		{AB0246DF-8BED-4DE2-9379-8CDC33EEBB43}.Debug|Any CPU.ActiveCfg = Debug|Any CPU
		{AB0246DF-8BED-4DE2-9379-8CDC33EEBB43}.Debug|Any CPU.Build.0 = Debug|Any CPU
		{AB0246DF-8BED-4DE2-9379-8CDC33EEBB43}.Release|Any CPU.ActiveCfg = Release|Any CPU
		{AB0246DF-8BED-4DE2-9379-8CDC33EEBB43}.Release|Any CPU.Build.0 = Release|Any CPU
		{446F65C0-3B71-48D3-B4F1-64480E1A8C6E}.Debug|Any CPU.ActiveCfg = Debug|Any CPU
		{446F65C0-3B71-48D3-B4F1-64480E1A8C6E}.Debug|Any CPU.Build.0 = Debug|Any CPU
		{446F65C0-3B71-48D3-B4F1-64480E1A8C6E}.Release|Any CPU.ActiveCfg = Release|Any CPU
		{446F65C0-3B71-48D3-B4F1-64480E1A8C6E}.Release|Any CPU.Build.0 = Release|Any CPU
		{6DB91BC9-3F30-41D0-A43F-06884F49091C}.Debug|Any CPU.ActiveCfg = Debug|Any CPU
		{6DB91BC9-3F30-41D0-A43F-06884F49091C}.Debug|Any CPU.Build.0 = Debug|Any CPU
		{6DB91BC9-3F30-41D0-A43F-06884F49091C}.Release|Any CPU.ActiveCfg = Release|Any CPU
		{6DB91BC9-3F30-41D0-A43F-06884F49091C}.Release|Any CPU.Build.0 = Release|Any CPU
		{DE9A5C5D-D1EE-4D5E-8895-03597FA447B1}.Debug|Any CPU.ActiveCfg = Debug|Any CPU
		{DE9A5C5D-D1EE-4D5E-8895-03597FA447B1}.Debug|Any CPU.Build.0 = Debug|Any CPU
		{DE9A5C5D-D1EE-4D5E-8895-03597FA447B1}.Release|Any CPU.ActiveCfg = Release|Any CPU
		{DE9A5C5D-D1EE-4D5E-8895-03597FA447B1}.Release|Any CPU.Build.0 = Release|Any CPU
		{AC9146E8-960E-41E0-867A-2D0685737F4F}.Debug|Any CPU.ActiveCfg = Debug|Any CPU
		{AC9146E8-960E-41E0-867A-2D0685737F4F}.Debug|Any CPU.Build.0 = Debug|Any CPU
		{AC9146E8-960E-41E0-867A-2D0685737F4F}.Release|Any CPU.ActiveCfg = Release|Any CPU
		{AC9146E8-960E-41E0-867A-2D0685737F4F}.Release|Any CPU.Build.0 = Release|Any CPU
		{DF8F214E-397C-4029-83D4-97267F37397C}.Debug|Any CPU.ActiveCfg = Debug|Any CPU
		{DF8F214E-397C-4029-83D4-97267F37397C}.Debug|Any CPU.Build.0 = Debug|Any CPU
		{DF8F214E-397C-4029-83D4-97267F37397C}.Release|Any CPU.ActiveCfg = Release|Any CPU
		{DF8F214E-397C-4029-83D4-97267F37397C}.Release|Any CPU.Build.0 = Release|Any CPU
		{9F309E3B-EEB5-4B91-BFFB-9A784F43D722}.Debug|Any CPU.ActiveCfg = Debug|Any CPU
		{9F309E3B-EEB5-4B91-BFFB-9A784F43D722}.Debug|Any CPU.Build.0 = Debug|Any CPU
		{9F309E3B-EEB5-4B91-BFFB-9A784F43D722}.Release|Any CPU.ActiveCfg = Release|Any CPU
		{9F309E3B-EEB5-4B91-BFFB-9A784F43D722}.Release|Any CPU.Build.0 = Release|Any CPU
		{D4AC4440-DAAF-4008-A2FB-549607891165}.Debug|Any CPU.ActiveCfg = Debug|Any CPU
		{D4AC4440-DAAF-4008-A2FB-549607891165}.Debug|Any CPU.Build.0 = Debug|Any CPU
		{D4AC4440-DAAF-4008-A2FB-549607891165}.Release|Any CPU.ActiveCfg = Release|Any CPU
		{D4AC4440-DAAF-4008-A2FB-549607891165}.Release|Any CPU.Build.0 = Release|Any CPU
		{26D992CA-9881-4410-B941-2734EA221E65}.Debug|Any CPU.ActiveCfg = Debug|Any CPU
		{26D992CA-9881-4410-B941-2734EA221E65}.Debug|Any CPU.Build.0 = Debug|Any CPU
		{26D992CA-9881-4410-B941-2734EA221E65}.Release|Any CPU.ActiveCfg = Release|Any CPU
		{26D992CA-9881-4410-B941-2734EA221E65}.Release|Any CPU.Build.0 = Release|Any CPU
		{FA659D0C-639A-4E54-97B0-42A4D4217527}.Debug|Any CPU.ActiveCfg = Debug|Any CPU
		{FA659D0C-639A-4E54-97B0-42A4D4217527}.Debug|Any CPU.Build.0 = Debug|Any CPU
		{FA659D0C-639A-4E54-97B0-42A4D4217527}.Release|Any CPU.ActiveCfg = Release|Any CPU
		{FA659D0C-639A-4E54-97B0-42A4D4217527}.Release|Any CPU.Build.0 = Release|Any CPU
		{5647ACA3-4347-4AB8-9D1D-5606BA3C2080}.Debug|Any CPU.ActiveCfg = Debug|Any CPU
		{5647ACA3-4347-4AB8-9D1D-5606BA3C2080}.Debug|Any CPU.Build.0 = Debug|Any CPU
		{5647ACA3-4347-4AB8-9D1D-5606BA3C2080}.Release|Any CPU.ActiveCfg = Release|Any CPU
		{5647ACA3-4347-4AB8-9D1D-5606BA3C2080}.Release|Any CPU.Build.0 = Release|Any CPU
	EndGlobalSection
	GlobalSection(SolutionProperties) = preSolution
		HideSolutionNode = FALSE
	EndGlobalSection
	GlobalSection(NestedProjects) = preSolution
		{BF3B7387-2EA4-4949-B03B-0BA3CB102EFC} = {90F6F86E-0E22-4060-9663-CDD2D9783887}
		{AB0246DF-8BED-4DE2-9379-8CDC33EEBB43} = {90F6F86E-0E22-4060-9663-CDD2D9783887}
		{446F65C0-3B71-48D3-B4F1-64480E1A8C6E} = {90F6F86E-0E22-4060-9663-CDD2D9783887}
		{6DB91BC9-3F30-41D0-A43F-06884F49091C} = {90F6F86E-0E22-4060-9663-CDD2D9783887}
		{DE9A5C5D-D1EE-4D5E-8895-03597FA447B1} = {90F6F86E-0E22-4060-9663-CDD2D9783887}
		{AC9146E8-960E-41E0-867A-2D0685737F4F} = {90F6F86E-0E22-4060-9663-CDD2D9783887}
		{DF8F214E-397C-4029-83D4-97267F37397C} = {BAE609BA-7799-4932-8146-E0842395D5B5}
		{9F309E3B-EEB5-4B91-BFFB-9A784F43D722} = {BAE609BA-7799-4932-8146-E0842395D5B5}
		{D4AC4440-DAAF-4008-A2FB-549607891165} = {BAE609BA-7799-4932-8146-E0842395D5B5}
		{26D992CA-9881-4410-B941-2734EA221E65} = {BAE609BA-7799-4932-8146-E0842395D5B5}
		{FA659D0C-639A-4E54-97B0-42A4D4217527} = {BAE609BA-7799-4932-8146-E0842395D5B5}
		{5647ACA3-4347-4AB8-9D1D-5606BA3C2080} = {6E32E23B-D7A3-4E0F-AA65-F51E2D1091F3}
	EndGlobalSection
	GlobalSection(ExtensibilityGlobals) = postSolution
		SolutionGuid = {B64420CF-CE2E-4078-B88C-649C460FF672}
	EndGlobalSection
EndGlobal
