
Microsoft Visual Studio Solution File, Format Version 12.00
# Visual Studio 2013
VisualStudioVersion = 12.0.21005.1
MinimumVisualStudioVersion = 10.0.40219.1
Project("{FAE04EC0-301F-11D3-BF4B-00C04F79EFBC}") = "UnitTestTools", "UnitTestTools\UnitTestTools.csproj", "{7B1B113C-AB73-467E-B337-7A78D9B13E26}"
EndProject
Project("{FAE04EC0-301F-11D3-BF4B-00C04F79EFBC}") = "UnitTestToolsExample", "UnitTestToolsExample\UnitTestToolsExample.csproj", "{BC7F0C3A-A1B5-4929-97C7-8FEC5DF579DA}"
EndProject
Project("{FAE04EC0-301F-11D3-BF4B-00C04F79EFBC}") = "UnitTestToolsExample.Test", "UnitTestToolsExample.Test\UnitTestToolsExample.Test.csproj", "{EB34ECCF-7742-4B0A-AC65-055069BE02D6}"
EndProject
Global
	GlobalSection(SolutionConfigurationPlatforms) = preSolution
		Debug|Any CPU = Debug|Any CPU
		Release|Any CPU = Release|Any CPU
	EndGlobalSection
	GlobalSection(ProjectConfigurationPlatforms) = postSolution
		{7B1B113C-AB73-467E-B337-7A78D9B13E26}.Debug|Any CPU.ActiveCfg = Debug|Any CPU
		{7B1B113C-AB73-467E-B337-7A78D9B13E26}.Debug|Any CPU.Build.0 = Debug|Any CPU
		{7B1B113C-AB73-467E-B337-7A78D9B13E26}.Release|Any CPU.ActiveCfg = Release|Any CPU
		{7B1B113C-AB73-467E-B337-7A78D9B13E26}.Release|Any CPU.Build.0 = Release|Any CPU
		{BC7F0C3A-A1B5-4929-97C7-8FEC5DF579DA}.Debug|Any CPU.ActiveCfg = Debug|Any CPU
		{BC7F0C3A-A1B5-4929-97C7-8FEC5DF579DA}.Debug|Any CPU.Build.0 = Debug|Any CPU
		{BC7F0C3A-A1B5-4929-97C7-8FEC5DF579DA}.Release|Any CPU.ActiveCfg = Release|Any CPU
		{BC7F0C3A-A1B5-4929-97C7-8FEC5DF579DA}.Release|Any CPU.Build.0 = Release|Any CPU
		{EB34ECCF-7742-4B0A-AC65-055069BE02D6}.Debug|Any CPU.ActiveCfg = Debug|Any CPU
		{EB34ECCF-7742-4B0A-AC65-055069BE02D6}.Debug|Any CPU.Build.0 = Debug|Any CPU
		{EB34ECCF-7742-4B0A-AC65-055069BE02D6}.Release|Any CPU.ActiveCfg = Release|Any CPU
		{EB34ECCF-7742-4B0A-AC65-055069BE02D6}.Release|Any CPU.Build.0 = Release|Any CPU
	EndGlobalSection
	GlobalSection(SolutionProperties) = preSolution
		HideSolutionNode = FALSE
	EndGlobalSection
EndGlobal
