
Microsoft Visual Studio Solution File, Format Version 12.00
# Visual Studio Version 17
VisualStudioVersion = 17.13.35919.96 d17.13
MinimumVisualStudioVersion = 10.0.40219.1
Project("{FAE04EC0-301F-11D3-BF4B-00C04F79EFBC}") = "AESSample", "AESSample\AESSample.csproj", "{F0B0CD5A-6E54-430A-9225-77EA1E2AF5B2}"
EndProject
Global
	GlobalSection(SolutionConfigurationPlatforms) = preSolution
		Debug|Any CPU = Debug|Any CPU
		Release|Any CPU = Release|Any CPU
	EndGlobalSection
	GlobalSection(ProjectConfigurationPlatforms) = postSolution
		{F0B0CD5A-6E54-430A-9225-77EA1E2AF5B2}.Debug|Any CPU.ActiveCfg = Debug|Any CPU
		{F0B0CD5A-6E54-430A-9225-77EA1E2AF5B2}.Debug|Any CPU.Build.0 = Debug|Any CPU
		{F0B0CD5A-6E54-430A-9225-77EA1E2AF5B2}.Release|Any CPU.ActiveCfg = Release|Any CPU
		{F0B0CD5A-6E54-430A-9225-77EA1E2AF5B2}.Release|Any CPU.Build.0 = Release|Any CPU
	EndGlobalSection
	GlobalSection(SolutionProperties) = preSolution
		HideSolutionNode = FALSE
	EndGlobalSection
	GlobalSection(ExtensibilityGlobals) = postSolution
		SolutionGuid = {BEAC35F3-6C21-4E50-A6C4-99A87E03DCDE}
	EndGlobalSection
EndGlobal
