
Microsoft Visual Studio Solution File, Format Version 12.00
# Visual Studio Version 17
VisualStudioVersion = 17.2.32526.322
MinimumVisualStudioVersion = 10.0.40219.1
Project("{FAE04EC0-301F-11D3-BF4B-00C04F79EFBC}") = "EmptyConsoleAPP", "EmptyConsoleAPP.csproj", "{750CF938-B96F-4445-A71E-75A9C194ED16}"
EndProject
Global
	GlobalSection(SolutionConfigurationPlatforms) = preSolution
		Debug|Any CPU = Debug|Any CPU
		Release|Any CPU = Release|Any CPU
	EndGlobalSection
	GlobalSection(ProjectConfigurationPlatforms) = postSolution
		{750CF938-B96F-4445-A71E-75A9C194ED16}.Debug|Any CPU.ActiveCfg = Debug|Any CPU
		{750CF938-B96F-4445-A71E-75A9C194ED16}.Debug|Any CPU.Build.0 = Debug|Any CPU
		{750CF938-B96F-4445-A71E-75A9C194ED16}.Release|Any CPU.ActiveCfg = Release|Any CPU
		{750CF938-B96F-4445-A71E-75A9C194ED16}.Release|Any CPU.Build.0 = Release|Any CPU
	EndGlobalSection
	GlobalSection(SolutionProperties) = preSolution
		HideSolutionNode = FALSE
	EndGlobalSection
	GlobalSection(ExtensibilityGlobals) = postSolution
		SolutionGuid = {D020A397-EA5C-45F8-9B76-01D9A3DA2975}
	EndGlobalSection
EndGlobal
