
Microsoft Visual Studio Solution File, Format Version 12.00
# Visual Studio Version 17
VisualStudioVersion = 17.8.34525.116
MinimumVisualStudioVersion = 10.0.40219.1
Project("{FAE04EC0-301F-11D3-BF4B-00C04F79EFBC}") = "EumnSample", "EumnSample\EumnSample.csproj", "{B09F5556-1B16-4A28-BA34-9F69F7B75D40}"
EndProject
Global
	GlobalSection(SolutionConfigurationPlatforms) = preSolution
		Debug|Any CPU = Debug|Any CPU
		Release|Any CPU = Release|Any CPU
	EndGlobalSection
	GlobalSection(ProjectConfigurationPlatforms) = postSolution
		{B09F5556-1B16-4A28-BA34-9F69F7B75D40}.Debug|Any CPU.ActiveCfg = Debug|Any CPU
		{B09F5556-1B16-4A28-BA34-9F69F7B75D40}.Debug|Any CPU.Build.0 = Debug|Any CPU
		{B09F5556-1B16-4A28-BA34-9F69F7B75D40}.Release|Any CPU.ActiveCfg = Release|Any CPU
		{B09F5556-1B16-4A28-BA34-9F69F7B75D40}.Release|Any CPU.Build.0 = Release|Any CPU
	EndGlobalSection
	GlobalSection(SolutionProperties) = preSolution
		HideSolutionNode = FALSE
	EndGlobalSection
	GlobalSection(ExtensibilityGlobals) = postSolution
		SolutionGuid = {1640A2D0-EDB9-4AF6-B981-860A8CB051F9}
	EndGlobalSection
EndGlobal
