
Microsoft Visual Studio Solution File, Format Version 12.00
# Visual Studio Version 17
VisualStudioVersion = 17.1.32407.343
MinimumVisualStudioVersion = 10.0.40219.1
Project("{FAE04EC0-301F-11D3-BF4B-00C04F79EFBC}") = "简单的日志程序", "简单的日志程序\简单的日志程序.csproj", "{BD68E269-334D-4631-B20F-B97F5D2594E8}"
EndProject
Project("{2150E333-8FDC-42A3-9474-1A3956D46DE8}") = "配置系统", "配置系统", "{455CB0B6-0796-4452-932C-52D09BE0A39D}"
EndProject
Project("{2150E333-8FDC-42A3-9474-1A3956D46DE8}") = "日志", "日志", "{4EC6D5B0-5FF9-489B-BA94-D535E36B2A2C}"
EndProject
Project("{2150E333-8FDC-42A3-9474-1A3956D46DE8}") = "依赖注入", "依赖注入", "{E3627494-567F-44F3-8F01-579C73F9B91A}"
EndProject
Project("{FAE04EC0-301F-11D3-BF4B-00C04F79EFBC}") = "依赖注入的基本使用1", "依赖注入的基本使用1\依赖注入的基本使用1.csproj", "{B8504811-FC76-4469-9268-8FA07E60FB7B}"
EndProject
Project("{FAE04EC0-301F-11D3-BF4B-00C04F79EFBC}") = "DI魅力渐显_依赖注入", "DI魅力渐显_依赖注入\DI魅力渐显_依赖注入.csproj", "{703DD9B3-16A5-4B8F-B50E-32090531DB9E}"
EndProject
Global
	GlobalSection(SolutionConfigurationPlatforms) = preSolution
		Debug|Any CPU = Debug|Any CPU
		Release|Any CPU = Release|Any CPU
	EndGlobalSection
	GlobalSection(ProjectConfigurationPlatforms) = postSolution
		{BD68E269-334D-4631-B20F-B97F5D2594E8}.Debug|Any CPU.ActiveCfg = Debug|Any CPU
		{BD68E269-334D-4631-B20F-B97F5D2594E8}.Debug|Any CPU.Build.0 = Debug|Any CPU
		{BD68E269-334D-4631-B20F-B97F5D2594E8}.Release|Any CPU.ActiveCfg = Release|Any CPU
		{BD68E269-334D-4631-B20F-B97F5D2594E8}.Release|Any CPU.Build.0 = Release|Any CPU
		{B8504811-FC76-4469-9268-8FA07E60FB7B}.Debug|Any CPU.ActiveCfg = Debug|Any CPU
		{B8504811-FC76-4469-9268-8FA07E60FB7B}.Debug|Any CPU.Build.0 = Debug|Any CPU
		{B8504811-FC76-4469-9268-8FA07E60FB7B}.Release|Any CPU.ActiveCfg = Release|Any CPU
		{B8504811-FC76-4469-9268-8FA07E60FB7B}.Release|Any CPU.Build.0 = Release|Any CPU
		{703DD9B3-16A5-4B8F-B50E-32090531DB9E}.Debug|Any CPU.ActiveCfg = Debug|Any CPU
		{703DD9B3-16A5-4B8F-B50E-32090531DB9E}.Debug|Any CPU.Build.0 = Debug|Any CPU
		{703DD9B3-16A5-4B8F-B50E-32090531DB9E}.Release|Any CPU.ActiveCfg = Release|Any CPU
		{703DD9B3-16A5-4B8F-B50E-32090531DB9E}.Release|Any CPU.Build.0 = Release|Any CPU
	EndGlobalSection
	GlobalSection(SolutionProperties) = preSolution
		HideSolutionNode = FALSE
	EndGlobalSection
	GlobalSection(NestedProjects) = preSolution
		{BD68E269-334D-4631-B20F-B97F5D2594E8} = {4EC6D5B0-5FF9-489B-BA94-D535E36B2A2C}
		{B8504811-FC76-4469-9268-8FA07E60FB7B} = {E3627494-567F-44F3-8F01-579C73F9B91A}
		{703DD9B3-16A5-4B8F-B50E-32090531DB9E} = {E3627494-567F-44F3-8F01-579C73F9B91A}
	EndGlobalSection
	GlobalSection(ExtensibilityGlobals) = postSolution
		SolutionGuid = {391C761D-12C5-4540-B129-9914A9BC6409}
	EndGlobalSection
EndGlobal
